
Microsoft Visual Studio Solution File, Format Version 12.00
# Visual Studio Version 17
VisualStudioVersion = 17.4.33122.133
MinimumVisualStudioVersion = 10.0.40219.1
Project("{9A19103F-16F7-4668-BE54-9A1E7A4F7556}") = "Grenat.Functional.DDD.Generators.Src", "Src\Grenat.Functional.DDD.Generators.Src.csproj", "{C3CCD58D-234F-4A64-9C96-161EBD43EE4A}"
EndProject
Project("{9A19103F-16F7-4668-BE54-9A1E7A4F7556}") = "SampleProject.WebApi", "SampleProjects\ASP.Net Core WebAPI\SampleProject.WebApi.csproj", "{39FFF967-CC5E-4E7B-8775-CC832E2BED7E}"
EndProject
Project("{9A19103F-16F7-4668-BE54-9A1E7A4F7556}") = "SampleProject.Console", "SampleProjects\Console\SampleProject.Console.csproj", "{F6B7B413-6153-4760-ACF1-FE2E3AFCD657}"
EndProject
Project("{9A19103F-16F7-4668-BE54-9A1E7A4F7556}") = "Grenat.Functional.DDD.Src", "..\Grenat.Functional.DDD\Grenat.Functional.DDD.Src\Grenat.Functional.DDD.Src.csproj", "{D81E73A2-D0E3-4FF8-859E-A5BDABADF7EF}"
EndProject
Project("{FAE04EC0-301F-11D3-BF4B-00C04F79EFBC}") = "Grenat.Functional.DDD.Generators.Tests", "Grenat.Functional.DDD.Generators.Tests\Grenat.Functional.DDD.Generators.Tests.csproj", "{BB7E3A52-0405-434A-9FE1-B17864B7AE13}"
EndProject
Global
	GlobalSection(SolutionConfigurationPlatforms) = preSolution
		Debug|Any CPU = Debug|Any CPU
		Release|Any CPU = Release|Any CPU
	EndGlobalSection
	GlobalSection(ProjectConfigurationPlatforms) = postSolution
		{C3CCD58D-234F-4A64-9C96-161EBD43EE4A}.Debug|Any CPU.ActiveCfg = Debug|Any CPU
		{C3CCD58D-234F-4A64-9C96-161EBD43EE4A}.Debug|Any CPU.Build.0 = Debug|Any CPU
		{C3CCD58D-234F-4A64-9C96-161EBD43EE4A}.Release|Any CPU.ActiveCfg = Release|Any CPU
		{C3CCD58D-234F-4A64-9C96-161EBD43EE4A}.Release|Any CPU.Build.0 = Release|Any CPU
		{39FFF967-CC5E-4E7B-8775-CC832E2BED7E}.Debug|Any CPU.ActiveCfg = Debug|Any CPU
		{39FFF967-CC5E-4E7B-8775-CC832E2BED7E}.Debug|Any CPU.Build.0 = Debug|Any CPU
		{39FFF967-CC5E-4E7B-8775-CC832E2BED7E}.Release|Any CPU.ActiveCfg = Release|Any CPU
		{39FFF967-CC5E-4E7B-8775-CC832E2BED7E}.Release|Any CPU.Build.0 = Release|Any CPU
		{F6B7B413-6153-4760-ACF1-FE2E3AFCD657}.Debug|Any CPU.ActiveCfg = Debug|Any CPU
		{F6B7B413-6153-4760-ACF1-FE2E3AFCD657}.Debug|Any CPU.Build.0 = Debug|Any CPU
		{F6B7B413-6153-4760-ACF1-FE2E3AFCD657}.Release|Any CPU.ActiveCfg = Release|Any CPU
		{F6B7B413-6153-4760-ACF1-FE2E3AFCD657}.Release|Any CPU.Build.0 = Release|Any CPU
		{D81E73A2-D0E3-4FF8-859E-A5BDABADF7EF}.Debug|Any CPU.ActiveCfg = Debug|Any CPU
		{D81E73A2-D0E3-4FF8-859E-A5BDABADF7EF}.Debug|Any CPU.Build.0 = Debug|Any CPU
		{D81E73A2-D0E3-4FF8-859E-A5BDABADF7EF}.Release|Any CPU.ActiveCfg = Release|Any CPU
		{D81E73A2-D0E3-4FF8-859E-A5BDABADF7EF}.Release|Any CPU.Build.0 = Release|Any CPU
		{BB7E3A52-0405-434A-9FE1-B17864B7AE13}.Debug|Any CPU.ActiveCfg = Debug|Any CPU
		{BB7E3A52-0405-434A-9FE1-B17864B7AE13}.Debug|Any CPU.Build.0 = Debug|Any CPU
		{BB7E3A52-0405-434A-9FE1-B17864B7AE13}.Release|Any CPU.ActiveCfg = Release|Any CPU
		{BB7E3A52-0405-434A-9FE1-B17864B7AE13}.Release|Any CPU.Build.0 = Release|Any CPU
	EndGlobalSection
	GlobalSection(SolutionProperties) = preSolution
		HideSolutionNode = FALSE
	EndGlobalSection
	GlobalSection(ExtensibilityGlobals) = postSolution
		SolutionGuid = {8218312E-F815-4028-B50B-38A489735C24}
	EndGlobalSection
EndGlobal
